
Microsoft Visual Studio Solution File, Format Version 12.00
# Visual Studio Version 17
VisualStudioVersion = 17.5.33516.290
MinimumVisualStudioVersion = 10.0.40219.1
Project("{FAE04EC0-301F-11D3-BF4B-00C04F79EFBC}") = "Credit-Debit card Validation", "Credit-Debit card Validation\Credit-Debit card Validation.csproj", "{6C467FC9-F4C9-4559-8D10-BB4D62DF1EC3}"
EndProject
Global
	GlobalSection(SolutionConfigurationPlatforms) = preSolution
		Debug|Any CPU = Debug|Any CPU
		Release|Any CPU = Release|Any CPU
	EndGlobalSection
	GlobalSection(ProjectConfigurationPlatforms) = postSolution
		{6C467FC9-F4C9-4559-8D10-BB4D62DF1EC3}.Debug|Any CPU.ActiveCfg = Debug|Any CPU
		{6C467FC9-F4C9-4559-8D10-BB4D62DF1EC3}.Debug|Any CPU.Build.0 = Debug|Any CPU
		{6C467FC9-F4C9-4559-8D10-BB4D62DF1EC3}.Release|Any CPU.ActiveCfg = Release|Any CPU
		{6C467FC9-F4C9-4559-8D10-BB4D62DF1EC3}.Release|Any CPU.Build.0 = Release|Any CPU
	EndGlobalSection
	GlobalSection(SolutionProperties) = preSolution
		HideSolutionNode = FALSE
	EndGlobalSection
	GlobalSection(ExtensibilityGlobals) = postSolution
		SolutionGuid = {C6498A61-EBC2-4234-803B-5AB49F124A88}
	EndGlobalSection
EndGlobal
